
Microsoft Visual Studio Solution File, Format Version 12.00
# Visual Studio Version 16
VisualStudioVersion = 16.0.32002.261
MinimumVisualStudioVersion = 10.0.40219.1
Project("{FAE04EC0-301F-11D3-BF4B-00C04F79EFBC}") = "7zip_example", "7zip_example.csproj", "{8A85649C-5671-4019-B6F1-82A8D5867D3E}"
EndProject
Global
	GlobalSection(SolutionConfigurationPlatforms) = preSolution
		Debug|Any CPU = Debug|Any CPU
		Release|Any CPU = Release|Any CPU
	EndGlobalSection
	GlobalSection(ProjectConfigurationPlatforms) = postSolution
		{8A85649C-5671-4019-B6F1-82A8D5867D3E}.Debug|Any CPU.ActiveCfg = Debug|Any CPU
		{8A85649C-5671-4019-B6F1-82A8D5867D3E}.Debug|Any CPU.Build.0 = Debug|Any CPU
		{8A85649C-5671-4019-B6F1-82A8D5867D3E}.Release|Any CPU.ActiveCfg = Release|Any CPU
		{8A85649C-5671-4019-B6F1-82A8D5867D3E}.Release|Any CPU.Build.0 = Release|Any CPU
	EndGlobalSection
	GlobalSection(SolutionProperties) = preSolution
		HideSolutionNode = FALSE
	EndGlobalSection
	GlobalSection(ExtensibilityGlobals) = postSolution
		SolutionGuid = {32FD0027-D49F-4D2B-A6A6-E114AA0E42B0}
	EndGlobalSection
EndGlobal
